
Microsoft Visual Studio Solution File, Format Version 12.00
# Visual Studio Version 17
VisualStudioVersion = 17.4.33122.133
MinimumVisualStudioVersion = 10.0.40219.1
Project("{FAE04EC0-301F-11D3-BF4B-00C04F79EFBC}") = "RabbitMQ.Publisher", "RabbitMQ.Publisher\RabbitMQ.Publisher.csproj", "{ED463080-A4DC-42B2-ACFD-E745F7733560}"
EndProject
Project("{FAE04EC0-301F-11D3-BF4B-00C04F79EFBC}") = "RabbitMQ.Consumer", "RabbitMQ.Consumer\RabbitMQ.Consumer.csproj", "{263C47BA-4F08-4C5C-8F6E-011D0C86AA77}"
EndProject
Project("{2150E333-8FDC-42A3-9474-1A3956D46DE8}") = "MassTransit", "MassTransit", "{82370E7A-19CE-4175-9924-A3E472394DFD}"
EndProject
Project("{9A19103F-16F7-4668-BE54-9A1E7A4F7556}") = "RabbitMQ.MassTransit.Shared", "MassTransit\RabbitMQ.MassTransit.Shared\RabbitMQ.MassTransit.Shared.csproj", "{E856FB2F-F1F0-49C1-9F88-CEC46543B6D0}"
EndProject
Project("{9A19103F-16F7-4668-BE54-9A1E7A4F7556}") = "RabbitMQ.MassTransit.Publisher", "MassTransit\RabbitMQ.MassTransit.Publisher\RabbitMQ.MassTransit.Publisher.csproj", "{41FF0F94-1C0F-4366-A1B3-7403D0209EE9}"
EndProject
Project("{9A19103F-16F7-4668-BE54-9A1E7A4F7556}") = "RabbitMQ.MassTransit.Consumer", "MassTransit\RabbitMQ.MassTransit.Consumer\RabbitMQ.MassTransit.Consumer.csproj", "{D246C2BF-8D9F-4E78-95D4-81F403593084}"
EndProject
Project("{2150E333-8FDC-42A3-9474-1A3956D46DE8}") = "WorkerService", "WorkerService", "{105B8DE0-883A-4939-8B5A-0D31723F97D9}"
EndProject
Project("{FAE04EC0-301F-11D3-BF4B-00C04F79EFBC}") = "RabbitMQ.WorkerService.MassTransit.Consumer", "WorkerService\RabbitMQ.WorkerService.MassTransit.Consumer\RabbitMQ.WorkerService.MassTransit.Consumer.csproj", "{685A1ACE-E4F3-4B49-8C43-24F0B9FF69A4}"
EndProject
Project("{FAE04EC0-301F-11D3-BF4B-00C04F79EFBC}") = "RabbitMQ.WorkerService.MassTransit.Publisher", "Publisher\RabbitMQ.WorkerService.MassTransit.Publisher\RabbitMQ.WorkerService.MassTransit.Publisher.csproj", "{956D0A78-6E30-42AF-9B23-9BE2A51DD4EC}"
EndProject
Project("{2150E333-8FDC-42A3-9474-1A3956D46DE8}") = "SimpleProject", "SimpleProject", "{7B4D06F3-5E70-4E7C-9D9E-2F7AA2A77476}"
EndProject
Project("{FAE04EC0-301F-11D3-BF4B-00C04F79EFBC}") = "RabbitMQWebApi", "SimpleProject\RabbitMQWebApi\RabbitMQWebApi.csproj", "{A893ED9B-B7D3-4BC4-A952-2A870235BD50}"
EndProject
Global
	GlobalSection(SolutionConfigurationPlatforms) = preSolution
		Debug|Any CPU = Debug|Any CPU
		Release|Any CPU = Release|Any CPU
	EndGlobalSection
	GlobalSection(ProjectConfigurationPlatforms) = postSolution
		{ED463080-A4DC-42B2-ACFD-E745F7733560}.Debug|Any CPU.ActiveCfg = Debug|Any CPU
		{ED463080-A4DC-42B2-ACFD-E745F7733560}.Debug|Any CPU.Build.0 = Debug|Any CPU
		{ED463080-A4DC-42B2-ACFD-E745F7733560}.Release|Any CPU.ActiveCfg = Release|Any CPU
		{ED463080-A4DC-42B2-ACFD-E745F7733560}.Release|Any CPU.Build.0 = Release|Any CPU
		{263C47BA-4F08-4C5C-8F6E-011D0C86AA77}.Debug|Any CPU.ActiveCfg = Debug|Any CPU
		{263C47BA-4F08-4C5C-8F6E-011D0C86AA77}.Debug|Any CPU.Build.0 = Debug|Any CPU
		{263C47BA-4F08-4C5C-8F6E-011D0C86AA77}.Release|Any CPU.ActiveCfg = Release|Any CPU
		{263C47BA-4F08-4C5C-8F6E-011D0C86AA77}.Release|Any CPU.Build.0 = Release|Any CPU
		{E856FB2F-F1F0-49C1-9F88-CEC46543B6D0}.Debug|Any CPU.ActiveCfg = Debug|Any CPU
		{E856FB2F-F1F0-49C1-9F88-CEC46543B6D0}.Debug|Any CPU.Build.0 = Debug|Any CPU
		{E856FB2F-F1F0-49C1-9F88-CEC46543B6D0}.Release|Any CPU.ActiveCfg = Release|Any CPU
		{E856FB2F-F1F0-49C1-9F88-CEC46543B6D0}.Release|Any CPU.Build.0 = Release|Any CPU
		{41FF0F94-1C0F-4366-A1B3-7403D0209EE9}.Debug|Any CPU.ActiveCfg = Debug|Any CPU
		{41FF0F94-1C0F-4366-A1B3-7403D0209EE9}.Debug|Any CPU.Build.0 = Debug|Any CPU
		{41FF0F94-1C0F-4366-A1B3-7403D0209EE9}.Release|Any CPU.ActiveCfg = Release|Any CPU
		{41FF0F94-1C0F-4366-A1B3-7403D0209EE9}.Release|Any CPU.Build.0 = Release|Any CPU
		{D246C2BF-8D9F-4E78-95D4-81F403593084}.Debug|Any CPU.ActiveCfg = Debug|Any CPU
		{D246C2BF-8D9F-4E78-95D4-81F403593084}.Debug|Any CPU.Build.0 = Debug|Any CPU
		{D246C2BF-8D9F-4E78-95D4-81F403593084}.Release|Any CPU.ActiveCfg = Release|Any CPU
		{D246C2BF-8D9F-4E78-95D4-81F403593084}.Release|Any CPU.Build.0 = Release|Any CPU
		{685A1ACE-E4F3-4B49-8C43-24F0B9FF69A4}.Debug|Any CPU.ActiveCfg = Debug|Any CPU
		{685A1ACE-E4F3-4B49-8C43-24F0B9FF69A4}.Debug|Any CPU.Build.0 = Debug|Any CPU
		{685A1ACE-E4F3-4B49-8C43-24F0B9FF69A4}.Release|Any CPU.ActiveCfg = Release|Any CPU
		{685A1ACE-E4F3-4B49-8C43-24F0B9FF69A4}.Release|Any CPU.Build.0 = Release|Any CPU
		{956D0A78-6E30-42AF-9B23-9BE2A51DD4EC}.Debug|Any CPU.ActiveCfg = Debug|Any CPU
		{956D0A78-6E30-42AF-9B23-9BE2A51DD4EC}.Debug|Any CPU.Build.0 = Debug|Any CPU
		{956D0A78-6E30-42AF-9B23-9BE2A51DD4EC}.Release|Any CPU.ActiveCfg = Release|Any CPU
		{956D0A78-6E30-42AF-9B23-9BE2A51DD4EC}.Release|Any CPU.Build.0 = Release|Any CPU
		{A893ED9B-B7D3-4BC4-A952-2A870235BD50}.Debug|Any CPU.ActiveCfg = Debug|Any CPU
		{A893ED9B-B7D3-4BC4-A952-2A870235BD50}.Debug|Any CPU.Build.0 = Debug|Any CPU
		{A893ED9B-B7D3-4BC4-A952-2A870235BD50}.Release|Any CPU.ActiveCfg = Release|Any CPU
		{A893ED9B-B7D3-4BC4-A952-2A870235BD50}.Release|Any CPU.Build.0 = Release|Any CPU
	EndGlobalSection
	GlobalSection(SolutionProperties) = preSolution
		HideSolutionNode = FALSE
	EndGlobalSection
	GlobalSection(NestedProjects) = preSolution
		{E856FB2F-F1F0-49C1-9F88-CEC46543B6D0} = {82370E7A-19CE-4175-9924-A3E472394DFD}
		{41FF0F94-1C0F-4366-A1B3-7403D0209EE9} = {82370E7A-19CE-4175-9924-A3E472394DFD}
		{D246C2BF-8D9F-4E78-95D4-81F403593084} = {82370E7A-19CE-4175-9924-A3E472394DFD}
		{685A1ACE-E4F3-4B49-8C43-24F0B9FF69A4} = {105B8DE0-883A-4939-8B5A-0D31723F97D9}
		{956D0A78-6E30-42AF-9B23-9BE2A51DD4EC} = {105B8DE0-883A-4939-8B5A-0D31723F97D9}
		{A893ED9B-B7D3-4BC4-A952-2A870235BD50} = {7B4D06F3-5E70-4E7C-9D9E-2F7AA2A77476}
	EndGlobalSection
	GlobalSection(ExtensibilityGlobals) = postSolution
		SolutionGuid = {EE0F6D7A-848B-4958-A1E0-6232E6D01A5C}
	EndGlobalSection
EndGlobal
